{
  "name": "StarCraft1.1.1~~1.21.21BP",
  "lockfileVersion": 3,
  "requires": true,
  "packages": {
    "": {
      "dependencies": {
        "@minecraft/server": "^1.15.0-beta.1.21.30-stable",
        "@minecraft/server-ui": "^1.4.0-beta.1.21.40-preview.23"
      }
    },
    "node_modules/@minecraft/common": {
      "version": "1.2.0",
      "resolved": "https://registry.npmjs.org/@minecraft/common/-/common-1.2.0.tgz",
      "integrity": "sha512-JdmEq4P3Z/FtoBzhLijFgMSVFnFRrUoLwY8DHHrgtFo0mfLTOLTB1RErYjLMsA6b7BGVNxkX/pfFRiH7QZ0XwQ=="
    },
    "node_modules/@minecraft/server": {
      "version": "1.15.0-beta.1.21.30-stable",
      "resolved": "https://registry.npmjs.org/@minecraft/server/-/server-1.15.0-beta.1.21.30-stable.tgz",
      "integrity": "sha512-t9NhnP2W+7agojr5IWXZnC4uy9SGfcIrSFEqvNxj/NaT29/DXtH+1nJq7wLa5kGwyBlG/lDz6/CpiWn4PBv+Kg==",
      "dependencies": {
        "@minecraft/common": "^1.1.0"
      }
    },
    "node_modules/@minecraft/server-ui": {
      "version": "1.4.0-beta.1.21.40-preview.23",
      "resolved": "https://registry.npmjs.org/@minecraft/server-ui/-/server-ui-1.4.0-beta.1.21.40-preview.23.tgz",
      "integrity": "sha512-uytQmdbnMBIC40VnnECpOs87aenCQK4UP6PTXz90e1V2iZ9pxOsECND1xZdl/o4eYCJBNY5mi3gFSS8ul6pFsw==",
      "dependencies": {
        "@minecraft/common": "^1.0.0",
        "@minecraft/server": "^1.8.0"
      }
    },
    "node_modules/@minecraft/server-ui/node_modules/@minecraft/server": {
      "version": "1.11.0",
      "resolved": "https://registry.npmjs.org/@minecraft/server/-/server-1.11.0.tgz",
      "integrity": "sha512-sVTKkAR7fgcgRrBrl+QiqlwiL07JTCSRbwSLpkmsPDvgfhH4bQsdPXC8fWZGRxwKikC4/oBxGq5j6pJp87yF6Q==",
      "dependencies": {
        "@minecraft/common": "^1.1.0"
      }
    }
  }
}
